github.com/gorilla/mux v1.8.1 h1:TuBL49tXwgrFYWhqrNgrUNEY92u81SPhu7sTdzQEiWY=
github.com/gorilla/mux v1.8.1/go.mod h1:AKf9I4AEqPTmMytcMc0KkNouC66V3BtZ4qD5fmWSiMQ=
github.com/kardianos/service v1.2.2 h1:ZvePhAHfvo0A7Mftk/tEzqEZ7Q4lgnR8sGz4xu1YX60=
github.com/kardianos/service v1.2.2/go.mod h1:CIMRFEJVL+0DS1a3Nx06NaMn4Dz63Ng6O7dl0qH0zVM=
github.com/xxl6097/go-glog v0.0.8 h1:N4vtKcDofa+epz5s3zRgq5/jAzcaaVfDnEe45Z4pGgQ=
github.com/xxl6097/go-glog v0.0.8/go.mod h1:FI2GotVtTm6pXskaTa6g6+Z0tqSGS0iJP9sqcsCnGMY=
github.com/xxl6097/go-glog v0.0.10 h1:O8sKpZGMRGScrDdTtMjSRZCPcJ5Tmh8pVI7cA0fGIMU=
github.com/xxl6097/go-glog v0.0.10/go.mod h1:FI2GotVtTm6pXskaTa6g6+Z0tqSGS0iJP9sqcsCnGMY=
github.com/xxl6097/go-glog v0.0.13 h1:5wywBZTYNABjvyAL+PQBnbyIE+uMQL8putQ1qsmB8zQ=
github.com/xxl6097/go-glog v0.0.13/go.mod h1:FI2GotVtTm6pXskaTa6g6+Z0tqSGS0iJP9sqcsCnGMY=
github.com/xxl6097/go-glog v0.0.14 h1:HbNipeX2XdZGXjUoGSQnfryekhLMh7xRkcn3KX7xVVE=
github.com/xxl6097/go-glog v0.0.14/go.mod h1:FI2GotVtTm6pXskaTa6g6+Z0tqSGS0iJP9sqcsCnGMY=
github.com/xxl6097/go-glog v0.0.15 h1:UlQIRy8xfVEE5jShoTjQDUeKVZAYsmwD+NpEyoxE57Y=
github.com/xxl6097/go-glog v0.0.15/go.mod h1:FI2GotVtTm6pXskaTa6g6+Z0tqSGS0iJP9sqcsCnGMY=
github.com/xxl6097/go-glog v0.0.16 h1:pGTHG6QR2Wvi9m5ea4pso0tfrWtf2UFvELdJ55M6naE=
github.com/xxl6097/go-glog v0.0.16/go.mod h1:FI2GotVtTm6pXskaTa6g6+Z0tqSGS0iJP9sqcsCnGMY=
github.com/xxl6097/go-glog v0.0.17 h1:qJg7ThY5/6vDDVsLkQJef87B/CElMh06S25GTYXud3Y=
github.com/xxl6097/go-glog v0.0.17/go.mod h1:FI2GotVtTm6pXskaTa6g6+Z0tqSGS0iJP9sqcsCnGMY=
github.com/xxl6097/go-glog v0.0.18 h1:KKfl9UHF1YA9Zrc7WVB3IYaU4ux0qZATuYXOXi0M5YY=
github.com/xxl6097/go-glog v0.0.18/go.mod h1:FI2GotVtTm6pXskaTa6g6+Z0tqSGS0iJP9sqcsCnGMY=
github.com/xxl6097/go-http v0.0.10 h1:CGTWLruSc3XyLQAkMMW9xI/i5cX9JJuBPsjc5K9EEZk=
github.com/xxl6097/go-http v0.0.10/go.mod h1:jhEk4fLn5Wy5Oi940Z7AVYsKqaIYbykOoo7q0a8Xjr0=
github.com/xxl6097/go-service v0.0.7 h1:T12Zj3vDgxgAZwl4elSiPKWhsYTxq5NuNcAYwnVjPqo=
github.com/xxl6097/go-service v0.0.7/go.mod h1:0HZGhk5Cv0HELh/slOySPD+qSmCTesCH7jeqicFrEpE=
github.com/xxl6097/go-service v0.0.8 h1:3HXHdtOgA9PLHfuvY9Ul5RlrmNBoHi0/GE/rogdEOU4=
github.com/xxl6097/go-service v0.0.8/go.mod h1:0HZGhk5Cv0HELh/slOySPD+qSmCTesCH7jeqicFrEpE=
github.com/xxl6097/go-service v0.0.9 h1:UqVQ+Q/GAptJ9bb6KijoyrpRDd0r00TR+6/rjXS48Es=
github.com/xxl6097/go-service v0.0.9/go.mod h1:bv3xwOYob+qfPxGPHgmnxvy/kf357eig1NgPEHF0ZkQ=
github.com/xxl6097/go-service v0.0.10 h1:0PucaBLVsGXIqA9ZsQDmzJU8V+dK9j18jnmmVyTC3tI=
github.com/xxl6097/go-service v0.0.10/go.mod h1:rGfaX0Yn1iRlCBNieCsLhmI4yhQCwxprD/4FVMK0AGg=
github.com/xxl6097/go-service v0.0.11 h1:cFG6XWBlLCYZ/gXoWOh7dEoayP+34wBrSGRTZG+87Ug=
github.com/xxl6097/go-service v0.0.11/go.mod h1:cVPSMLZmtA9CU+Vk6wXAm1BWeJ0yQcw93cbtlVXeu3Y=
github.com/xxl6097/go-service v0.0.12 h1:+5GdxBIP8UKTpR4iBqVQyrTfrPWm51I1e72imCvdOw8=
github.com/xxl6097/go-service v0.0.12/go.mod h1:giYpdP9ym+JBtts6iQUnpCHr3o06qXqgnrXBsURjkUQ=
github.com/xxl6097/go-service v0.0.13 h1:jMBvmtckNmuzng5wN6af8dWBpjjXBHdKIeWJZIu3X00=
github.com/xxl6097/go-service v0.0.13/go.mod h1:giYpdP9ym+JBtts6iQUnpCHr3o06qXqgnrXBsURjkUQ=
github.com/xxl6097/go-service v0.0.14 h1:Z/0hFxdumL1M+M1JyfflMptC/IC0WqpfmLe8S6bPO3I=
github.com/xxl6097/go-service v0.0.14/go.mod h1:giYpdP9ym+JBtts6iQUnpCHr3o06qXqgnrXBsURjkUQ=
github.com/xxl6097/go-service v0.0.15 h1:5qgdNVlI6pR05kdq3clOQwFmkJoYNLQ6f/48Yezi1rk=
github.com/xxl6097/go-service v0.0.15/go.mod h1:VxzTKItcU0pdbV0eCgan5EqxbqucfPd4gXn2hDTbS70=
github.com/xxl6097/go-service v0.0.16 h1:H8QqVxOEf1CjSnPhzjTLyAgKUOXz5NhmXgP8A/kD8q0=
github.com/xxl6097/go-service v0.0.16/go.mod h1:VxzTKItcU0pdbV0eCgan5EqxbqucfPd4gXn2hDTbS70=
github.com/xxl6097/go-service v0.0.17 h1:Ce4P7az+BwUHwfhMjSMlJKuZ9PVy/uGuXaT53bjlK2o=
github.com/xxl6097/go-service v0.0.17/go.mod h1:VxzTKItcU0pdbV0eCgan5EqxbqucfPd4gXn2hDTbS70=
github.com/xxl6097/go-service v0.0.18 h1:H1Omti7RMTzBdR68DzrraY7u0wPe6efdCi/KOmeLtmY=
github.com/xxl6097/go-service v0.0.18/go.mod h1:VxzTKItcU0pdbV0eCgan5EqxbqucfPd4gXn2hDTbS70=
github.com/xxl6097/go-service v0.0.19 h1:wD2cGFsj2zieD7nEtJ7j1qhYxbCM4GcB7xDof4FokUE=
github.com/xxl6097/go-service v0.0.19/go.mod h1:VxzTKItcU0pdbV0eCgan5EqxbqucfPd4gXn2hDTbS70=
github.com/xxl6097/go-service v0.0.20 h1:/Lo7ADWSZsscax9eQfiTqI0HN11U3B/4wqJyO9HrtH8=
github.com/xxl6097/go-service v0.0.20/go.mod h1:FRfKS4m27s3ZpzjVyRGFuJJDd+I6P7Ze80j9GsO1cZw=
golang.org/x/crypto v0.25.0 h1:ypSNr+bnYL2YhwoMt2zPxHFmbAN1KZs/njMG3hxUp30=
golang.org/x/crypto v0.25.0/go.mod h1:T+wALwcMOSE0kXgUAnPAHqTLW+XHgcELELW8VaDgm/M=
golang.org/x/sys v0.0.0-20201015000850-e3ed0017c211/go.mod h1:h1NjWce9XRLGQEsW7wpKNCjG9DtNlClVuFLEZdDNbEs=
golang.org/x/sys v0.22.0 h1:RI27ohtqKCnwULzJLqkv897zojh5/DwS/ENaMzUOaWI=
golang.org/x/sys v0.22.0/go.mod h1:/VUhepiaJMQUp4+oa/7Zr1D23ma6VTLIYjOOTFZPUcA=
